// !$*UTF8*$!
{
	archiveVersion = 1;
	classes = {
	};
	objectVersion = 55;
	objects = {

/* Begin PBXBuildFile section */
		B9D1DFAF277C640600543202 /* HW4m4w.swift in Sources */ = {isa = PBXBuildFile; fileRef = B9D1DFAE277C640600543202 /* HW4m4w.swift */; };
		B9D1DFB1277C642300543202 /* HW4m4wSecScreen.swift in Sources */ = {isa = PBXBuildFile; fileRef = B9D1DFB0277C642300543202 /* HW4m4wSecScreen.swift */; };
		B9E7AF6C277C5BD70041F475 /* AppDelegate.swift in Sources */ = {isa = PBXBuildFile; fileRef = B9E7AF6B277C5BD70041F475 /* AppDelegate.swift */; };
		B9E7AF6E277C5BD70041F475 /* SceneDelegate.swift in Sources */ = {isa = PBXBuildFile; fileRef = B9E7AF6D277C5BD70041F475 /* SceneDelegate.swift */; };
		B9E7AF70277C5BD70041F475 /* ViewController.swift in Sources */ = {isa = PBXBuildFile; fileRef = B9E7AF6F277C5BD70041F475 /* ViewController.swift */; };
		B9E7AF73277C5BD70041F475 /* Main.storyboard in Resources */ = {isa = PBXBuildFile; fileRef = B9E7AF71277C5BD70041F475 /* Main.storyboard */; };
		B9E7AF75277C5BD80041F475 /* Assets.xcassets in Resources */ = {isa = PBXBuildFile; fileRef = B9E7AF74277C5BD80041F475 /* Assets.xcassets */; };
		B9E7AF78277C5BD80041F475 /* LaunchScreen.storyboard in Resources */ = {isa = PBXBuildFile; fileRef = B9E7AF76277C5BD80041F475 /* LaunchScreen.storyboard */; };
		B9E7AF80277C5D5C0041F475 /* HW4m1w.swift in Sources */ = {isa = PBXBuildFile; fileRef = B9E7AF7F277C5D5C0041F475 /* HW4m1w.swift */; };
		B9E7AF82277C5E570041F475 /* HW4m1wSecSreen.swift in Sources */ = {isa = PBXBuildFile; fileRef = B9E7AF81277C5E570041F475 /* HW4m1wSecSreen.swift */; };
		B9E7AF84277C5F8C0041F475 /* HW4m2w.swift in Sources */ = {isa = PBXBuildFile; fileRef = B9E7AF83277C5F8C0041F475 /* HW4m2w.swift */; };
		B9E7AF86277C5FAF0041F475 /* HW4m2wSecScreen.swift in Sources */ = {isa = PBXBuildFile; fileRef = B9E7AF85277C5FAF0041F475 /* HW4m2wSecScreen.swift */; };
		B9E7AF88277C61470041F475 /* HW4m3w.swift in Sources */ = {isa = PBXBuildFile; fileRef = B9E7AF87277C61470041F475 /* HW4m3w.swift */; };
		B9E7AF8A277C61630041F475 /* HW4m3wSecScreen.swift in Sources */ = {isa = PBXBuildFile; fileRef = B9E7AF89277C61630041F475 /* HW4m3wSecScreen.swift */; };
		C301D226CA3DA28A798B81EB /* Pods_HW4mAllw.framework in Frameworks */ = {isa = PBXBuildFile; fileRef = F40C7847A9D5C6E2EAF7BA98 /* Pods_HW4mAllw.framework */; };
/* End PBXBuildFile section */

/* Begin PBXFileReference section */
		5402AC8409A2448CDB3327ED /* Pods-HW4mAllw.debug.xcconfig */ = {isa = PBXFileReference; includeInIndex = 1; lastKnownFileType = text.xcconfig; name = "Pods-HW4mAllw.debug.xcconfig"; path = "Target Support Files/Pods-HW4mAllw/Pods-HW4mAllw.debug.xcconfig"; sourceTree = "<group>"; };
		9BC8DC8454ACDDABB539512C /* Pods-HW4mAllw.release.xcconfig */ = {isa = PBXFileReference; includeInIndex = 1; lastKnownFileType = text.xcconfig; name = "Pods-HW4mAllw.release.xcconfig"; path = "Target Support Files/Pods-HW4mAllw/Pods-HW4mAllw.release.xcconfig"; sourceTree = "<group>"; };
		B9D1DFAE277C640600543202 /* HW4m4w.swift */ = {isa = PBXFileReference; lastKnownFileType = sourcecode.swift; path = HW4m4w.swift; sourceTree = "<group>"; };
		B9D1DFB0277C642300543202 /* HW4m4wSecScreen.swift */ = {isa = PBXFileReference; lastKnownFileType = sourcecode.swift; path = HW4m4wSecScreen.swift; sourceTree = "<group>"; };
		B9E7AF68277C5BD70041F475 /* HW4mAllw.app */ = {isa = PBXFileReference; explicitFileType = wrapper.application; includeInIndex = 0; path = HW4mAllw.app; sourceTree = BUILT_PRODUCTS_DIR; };
		B9E7AF6B277C5BD70041F475 /* AppDelegate.swift */ = {isa = PBXFileReference; lastKnownFileType = sourcecode.swift; path = AppDelegate.swift; sourceTree = "<group>"; };
		B9E7AF6D277C5BD70041F475 /* SceneDelegate.swift */ = {isa = PBXFileReference; lastKnownFileType = sourcecode.swift; path = SceneDelegate.swift; sourceTree = "<group>"; };
		B9E7AF6F277C5BD70041F475 /* ViewController.swift */ = {isa = PBXFileReference; lastKnownFileType = sourcecode.swift; path = ViewController.swift; sourceTree = "<group>"; };
		B9E7AF72277C5BD70041F475 /* Base */ = {isa = PBXFileReference; lastKnownFileType = file.storyboard; name = Base; path = Base.lproj/Main.storyboard; sourceTree = "<group>"; };
		B9E7AF74277C5BD80041F475 /* Assets.xcassets */ = {isa = PBXFileReference; lastKnownFileType = folder.assetcatalog; path = Assets.xcassets; sourceTree = "<group>"; };
		B9E7AF77277C5BD80041F475 /* Base */ = {isa = PBXFileReference; lastKnownFileType = file.storyboard; name = Base; path = Base.lproj/LaunchScreen.storyboard; sourceTree = "<group>"; };
		B9E7AF79277C5BD80041F475 /* Info.plist */ = {isa = PBXFileReference; lastKnownFileType = text.plist.xml; path = Info.plist; sourceTree = "<group>"; };
		B9E7AF7F277C5D5C0041F475 /* HW4m1w.swift */ = {isa = PBXFileReference; lastKnownFileType = sourcecode.swift; path = HW4m1w.swift; sourceTree = "<group>"; };
		B9E7AF81277C5E570041F475 /* HW4m1wSecSreen.swift */ = {isa = PBXFileReference; lastKnownFileType = sourcecode.swift; path = HW4m1wSecSreen.swift; sourceTree = "<group>"; };
		B9E7AF83277C5F8C0041F475 /* HW4m2w.swift */ = {isa = PBXFileReference; lastKnownFileType = sourcecode.swift; path = HW4m2w.swift; sourceTree = "<group>"; };
		B9E7AF85277C5FAF0041F475 /* HW4m2wSecScreen.swift */ = {isa = PBXFileReference; lastKnownFileType = sourcecode.swift; path = HW4m2wSecScreen.swift; sourceTree = "<group>"; };
		B9E7AF87277C61470041F475 /* HW4m3w.swift */ = {isa = PBXFileReference; lastKnownFileType = sourcecode.swift; path = HW4m3w.swift; sourceTree = "<group>"; };
		B9E7AF89277C61630041F475 /* HW4m3wSecScreen.swift */ = {isa = PBXFileReference; lastKnownFileType = sourcecode.swift; path = HW4m3wSecScreen.swift; sourceTree = "<group>"; };
		F40C7847A9D5C6E2EAF7BA98 /* Pods_HW4mAllw.framework */ = {isa = PBXFileReference; explicitFileType = wrapper.framework; includeInIndex = 0; path = Pods_HW4mAllw.framework; sourceTree = BUILT_PRODUCTS_DIR; };
/* End PBXFileReference section */

/* Begin PBXFrameworksBuildPhase section */
		B9E7AF65277C5BD70041F475 /* Frameworks */ = {
			isa = PBXFrameworksBuildPhase;
			buildActionMask = 2147483647;
			files = (
				C301D226CA3DA28A798B81EB /* Pods_HW4mAllw.framework in Frameworks */,
			);
			runOnlyForDeploymentPostprocessing = 0;
		};
/* End PBXFrameworksBuildPhase section */

/* Begin PBXGroup section */
		64BC33CA6A7AB51D16B6F25B /* Frameworks */ = {
			isa = PBXGroup;
			children = (
				F40C7847A9D5C6E2EAF7BA98 /* Pods_HW4mAllw.framework */,
			);
			name = Frameworks;
			sourceTree = "<group>";
		};
		B9E7AF5F277C5BD70041F475 = {
			isa = PBXGroup;
			children = (
				B9E7AF6A277C5BD70041F475 /* HW4mAllw */,
				B9E7AF69277C5BD70041F475 /* Products */,
				DC115C53572642FE5CE83CFF /* Pods */,
				64BC33CA6A7AB51D16B6F25B /* Frameworks */,
			);
			sourceTree = "<group>";
		};
		B9E7AF69277C5BD70041F475 /* Products */ = {
			isa = PBXGroup;
			children = (
				B9E7AF68277C5BD70041F475 /* HW4mAllw.app */,
			);
			name = Products;
			sourceTree = "<group>";
		};
		B9E7AF6A277C5BD70041F475 /* HW4mAllw */ = {
			isa = PBXGroup;
			children = (
				B9E7AF6B277C5BD70041F475 /* AppDelegate.swift */,
				B9E7AF6D277C5BD70041F475 /* SceneDelegate.swift */,
				B9E7AF6F277C5BD70041F475 /* ViewController.swift */,
				B9E7AF7F277C5D5C0041F475 /* HW4m1w.swift */,
				B9E7AF81277C5E570041F475 /* HW4m1wSecSreen.swift */,
				B9E7AF83277C5F8C0041F475 /* HW4m2w.swift */,
				B9E7AF85277C5FAF0041F475 /* HW4m2wSecScreen.swift */,
				B9E7AF87277C61470041F475 /* HW4m3w.swift */,
				B9E7AF89277C61630041F475 /* HW4m3wSecScreen.swift */,
				B9D1DFAE277C640600543202 /* HW4m4w.swift */,
				B9D1DFB0277C642300543202 /* HW4m4wSecScreen.swift */,
				B9E7AF71277C5BD70041F475 /* Main.storyboard */,
				B9E7AF74277C5BD80041F475 /* Assets.xcassets */,
				B9E7AF76277C5BD80041F475 /* LaunchScreen.storyboard */,
				B9E7AF79277C5BD80041F475 /* Info.plist */,
			);
			path = HW4mAllw;
			sourceTree = "<group>";
		};
		DC115C53572642FE5CE83CFF /* Pods */ = {
			isa = PBXGroup;
			children = (
				5402AC8409A2448CDB3327ED /* Pods-HW4mAllw.debug.xcconfig */,
				9BC8DC8454ACDDABB539512C /* Pods-HW4mAllw.release.xcconfig */,
			);
			path = Pods;
			sourceTree = "<group>";
		};
/* End PBXGroup section */

/* Begin PBXNativeTarget section */
		B9E7AF67277C5BD70041F475 /* HW4mAllw */ = {
			isa = PBXNativeTarget;
			buildConfigurationList = B9E7AF7C277C5BD80041F475 /* Build configuration list for PBXNativeTarget "HW4mAllw" */;
			buildPhases = (
				5F44024A1E8F4DCB7F7E906C /* [CP] Check Pods Manifest.lock */,
				B9E7AF64277C5BD70041F475 /* Sources */,
				B9E7AF65277C5BD70041F475 /* Frameworks */,
				B9E7AF66277C5BD70041F475 /* Resources */,
				F7B38793C43C095061F822FF /* [CP] Embed Pods Frameworks */,
			);
			buildRules = (
			);
			dependencies = (
			);
			name = HW4mAllw;
			productName = HW4mAllw;
			productReference = B9E7AF68277C5BD70041F475 /* HW4mAllw.app */;
			productType = "com.apple.product-type.application";
		};
/* End PBXNativeTarget section */

/* Begin PBXProject section */
		B9E7AF60277C5BD70041F475 /* Project object */ = {
			isa = PBXProject;
			attributes = {
				BuildIndependentTargetsInParallel = 1;
				LastSwiftUpdateCheck = 1310;
				LastUpgradeCheck = 1310;
				TargetAttributes = {
					B9E7AF67277C5BD70041F475 = {
						CreatedOnToolsVersion = 13.1;
					};
				};
			};
			buildConfigurationList = B9E7AF63277C5BD70041F475 /* Build configuration list for PBXProject "HW4mAllw" */;
			compatibilityVersion = "Xcode 13.0";
			developmentRegion = en;
			hasScannedForEncodings = 0;
			knownRegions = (
				en,
				Base,
			);
			mainGroup = B9E7AF5F277C5BD70041F475;
			productRefGroup = B9E7AF69277C5BD70041F475 /* Products */;
			projectDirPath = "";
			projectRoot = "";
			targets = (
				B9E7AF67277C5BD70041F475 /* HW4mAllw */,
			);
		};
/* End PBXProject section */

/* Begin PBXResourcesBuildPhase section */
		B9E7AF66277C5BD70041F475 /* Resources */ = {
			isa = PBXResourcesBuildPhase;
			buildActionMask = 2147483647;
			files = (
				B9E7AF78277C5BD80041F475 /* LaunchScreen.storyboard in Resources */,
				B9E7AF75277C5BD80041F475 /* Assets.xcassets in Resources */,
				B9E7AF73277C5BD70041F475 /* Main.storyboard in Resources */,
			);
			runOnlyForDeploymentPostprocessing = 0;
		};
/* End PBXResourcesBuildPhase section */

/* Begin PBXShellScriptBuildPhase section */
		5F44024A1E8F4DCB7F7E906C /* [CP] Check Pods Manifest.lock */ = {
			isa = PBXShellScriptBuildPhase;
			buildActionMask = 2147483647;
			files = (
			);
			inputFileListPaths = (
			);
			inputPaths = (
				"${PODS_PODFILE_DIR_PATH}/Podfile.lock",
				"${PODS_ROOT}/Manifest.lock",
			);
			name = "[CP] Check Pods Manifest.lock";
			outputFileListPaths = (
			);
			outputPaths = (
				"$(DERIVED_FILE_DIR)/Pods-HW4mAllw-checkManifestLockResult.txt",
			);
			runOnlyForDeploymentPostprocessing = 0;
			shellPath = /bin/sh;
			shellScript = "diff \"${PODS_PODFILE_DIR_PATH}/Podfile.lock\" \"${PODS_ROOT}/Manifest.lock\" > /dev/null\nif [ $? != 0 ] ; then\n    # print error to STDERR\n    echo \"error: The sandbox is not in sync with the Podfile.lock. Run 'pod install' or update your CocoaPods installation.\" >&2\n    exit 1\nfi\n# This output is used by Xcode 'outputs' to avoid re-running this script phase.\necho \"SUCCESS\" > \"${SCRIPT_OUTPUT_FILE_0}\"\n";
			showEnvVarsInLog = 0;
		};
		F7B38793C43C095061F822FF /* [CP] Embed Pods Frameworks */ = {
			isa = PBXShellScriptBuildPhase;
			buildActionMask = 2147483647;
			files = (
			);
			inputFileListPaths = (
				"${PODS_ROOT}/Target Support Files/Pods-HW4mAllw/Pods-HW4mAllw-frameworks-${CONFIGURATION}-input-files.xcfilelist",
			);
			name = "[CP] Embed Pods Frameworks";
			outputFileListPaths = (
				"${PODS_ROOT}/Target Support Files/Pods-HW4mAllw/Pods-HW4mAllw-frameworks-${CONFIGURATION}-output-files.xcfilelist",
			);
			runOnlyForDeploymentPostprocessing = 0;
			shellPath = /bin/sh;
			shellScript = "\"${PODS_ROOT}/Target Support Files/Pods-HW4mAllw/Pods-HW4mAllw-frameworks.sh\"\n";
			showEnvVarsInLog = 0;
		};
/* End PBXShellScriptBuildPhase section */

/* Begin PBXSourcesBuildPhase section */
		B9E7AF64277C5BD70041F475 /* Sources */ = {
			isa = PBXSourcesBuildPhase;
			buildActionMask = 2147483647;
			files = (
				B9E7AF84277C5F8C0041F475 /* HW4m2w.swift in Sources */,
				B9E7AF88277C61470041F475 /* HW4m3w.swift in Sources */,
				B9E7AF86277C5FAF0041F475 /* HW4m2wSecScreen.swift in Sources */,
				B9E7AF82277C5E570041F475 /* HW4m1wSecSreen.swift in Sources */,
				B9D1DFAF277C640600543202 /* HW4m4w.swift in Sources */,
				B9E7AF70277C5BD70041F475 /* ViewController.swift in Sources */,
				B9E7AF6C277C5BD70041F475 /* AppDelegate.swift in Sources */,
				B9D1DFB1277C642300543202 /* HW4m4wSecScreen.swift in Sources */,
				B9E7AF8A277C61630041F475 /* HW4m3wSecScreen.swift in Sources */,
				B9E7AF6E277C5BD70041F475 /* SceneDelegate.swift in Sources */,
				B9E7AF80277C5D5C0041F475 /* HW4m1w.swift in Sources */,
			);
			runOnlyForDeploymentPostprocessing = 0;
		};
/* End PBXSourcesBuildPhase section */

/* Begin PBXVariantGroup section */
		B9E7AF71277C5BD70041F475 /* Main.storyboard */ = {
			isa = PBXVariantGroup;
			children = (
				B9E7AF72277C5BD70041F475 /* Base */,
			);
			name = Main.storyboard;
			sourceTree = "<group>";
		};
		B9E7AF76277C5BD80041F475 /* LaunchScreen.storyboard */ = {
			isa = PBXVariantGroup;
			children = (
				B9E7AF77277C5BD80041F475 /* Base */,
			);
			name = LaunchScreen.storyboard;
			sourceTree = "<group>";
		};
/* End PBXVariantGroup section */

/* Begin XCBuildConfiguration section */
		B9E7AF7A277C5BD80041F475 /* Debug */ = {
			isa = XCBuildConfiguration;
			buildSettings = {
				ALWAYS_SEARCH_USER_PATHS = NO;
				CLANG_ANALYZER_NONNULL = YES;
				CLANG_ANALYZER_NUMBER_OBJECT_CONVERSION = YES_AGGRESSIVE;
				CLANG_CXX_LANGUAGE_STANDARD = "gnu++17";
				CLANG_CXX_LIBRARY = "libc++";
				CLANG_ENABLE_MODULES = YES;
				CLANG_ENABLE_OBJC_ARC = YES;
				CLANG_ENABLE_OBJC_WEAK = YES;
				CLANG_WARN_BLOCK_CAPTURE_AUTORELEASING = YES;
				CLANG_WARN_BOOL_CONVERSION = YES;
				CLANG_WARN_COMMA = YES;
				CLANG_WARN_CONSTANT_CONVERSION = YES;
				CLANG_WARN_DEPRECATED_OBJC_IMPLEMENTATIONS = YES;
				CLANG_WARN_DIRECT_OBJC_ISA_USAGE = YES_ERROR;
				CLANG_WARN_DOCUMENTATION_COMMENTS = YES;
				CLANG_WARN_EMPTY_BODY = YES;
				CLANG_WARN_ENUM_CONVERSION = YES;
				CLANG_WARN_INFINITE_RECURSION = YES;
				CLANG_WARN_INT_CONVERSION = YES;
				CLANG_WARN_NON_LITERAL_NULL_CONVERSION = YES;
				CLANG_WARN_OBJC_IMPLICIT_RETAIN_SELF = YES;
				CLANG_WARN_OBJC_LITERAL_CONVERSION = YES;
				CLANG_WARN_OBJC_ROOT_CLASS = YES_ERROR;
				CLANG_WARN_QUOTED_INCLUDE_IN_FRAMEWORK_HEADER = YES;
				CLANG_WARN_RANGE_LOOP_ANALYSIS = YES;
				CLANG_WARN_STRICT_PROTOTYPES = YES;
				CLANG_WARN_SUSPICIOUS_MOVE = YES;
				CLANG_WARN_UNGUARDED_AVAILABILITY = YES_AGGRESSIVE;
				CLANG_WARN_UNREACHABLE_CODE = YES;
				CLANG_WARN__DUPLICATE_METHOD_MATCH = YES;
				COPY_PHASE_STRIP = NO;
				DEBUG_INFORMATION_FORMAT = dwarf;
				ENABLE_STRICT_OBJC_MSGSEND = YES;
				ENABLE_TESTABILITY = YES;
				GCC_C_LANGUAGE_STANDARD = gnu11;
				GCC_DYNAMIC_NO_PIC = NO;
				GCC_NO_COMMON_BLOCKS = YES;
				GCC_OPTIMIZATION_LEVEL = 0;
				GCC_PREPROCESSOR_DEFINITIONS = (
					"DEBUG=1",
					"$(inherited)",
				);
				GCC_WARN_64_TO_32_BIT_CONVERSION = YES;
				GCC_WARN_ABOUT_RETURN_TYPE = YES_ERROR;
				GCC_WARN_UNDECLARED_SELECTOR = YES;
				GCC_WARN_UNINITIALIZED_AUTOS = YES_AGGRESSIVE;
				GCC_WARN_UNUSED_FUNCTION = YES;
				GCC_WARN_UNUSED_VARIABLE = YES;
				IPHONEOS_DEPLOYMENT_TARGET = 15.0;
				MTL_ENABLE_DEBUG_INFO = INCLUDE_SOURCE;
				MTL_FAST_MATH = YES;
				ONLY_ACTIVE_ARCH = YES;
				SDKROOT = iphoneos;
				SWIFT_ACTIVE_COMPILATION_CONDITIONS = DEBUG;
				SWIFT_OPTIMIZATION_LEVEL = "-Onone";
			};
			name = Debug;
		};
		B9E7AF7B277C5BD80041F475 /* Release */ = {
			isa = XCBuildConfiguration;
			buildSettings = {
				ALWAYS_SEARCH_USER_PATHS = NO;
				CLANG_ANALYZER_NONNULL = YES;
				CLANG_ANALYZER_NUMBER_OBJECT_CONVERSION = YES_AGGRESSIVE;
				CLANG_CXX_LANGUAGE_STANDARD = "gnu++17";
				CLANG_CXX_LIBRARY = "libc++";
				CLANG_ENABLE_MODULES = YES;
				CLANG_ENABLE_OBJC_ARC = YES;
				CLANG_ENABLE_OBJC_WEAK = YES;
				CLANG_WARN_BLOCK_CAPTURE_AUTORELEASING = YES;
				CLANG_WARN_BOOL_CONVERSION = YES;
				CLANG_WARN_COMMA = YES;
				CLANG_WARN_CONSTANT_CONVERSION = YES;
				CLANG_WARN_DEPRECATED_OBJC_IMPLEMENTATIONS = YES;
				CLANG_WARN_DIRECT_OBJC_ISA_USAGE = YES_ERROR;
				CLANG_WARN_DOCUMENTATION_COMMENTS = YES;
				CLANG_WARN_EMPTY_BODY = YES;
				CLANG_WARN_ENUM_CONVERSION = YES;
				CLANG_WARN_INFINITE_RECURSION = YES;
				CLANG_WARN_INT_CONVERSION = YES;
				CLANG_WARN_NON_LITERAL_NULL_CONVERSION = YES;
				CLANG_WARN_OBJC_IMPLICIT_RETAIN_SELF = YES;
				CLANG_WARN_OBJC_LITERAL_CONVERSION = YES;
				CLANG_WARN_OBJC_ROOT_CLASS = YES_ERROR;
				CLANG_WARN_QUOTED_INCLUDE_IN_FRAMEWORK_HEADER = YES;
				CLANG_WARN_RANGE_LOOP_ANALYSIS = YES;
				CLANG_WARN_STRICT_PROTOTYPES = YES;
				CLANG_WARN_SUSPICIOUS_MOVE = YES;
				CLANG_WARN_UNGUARDED_AVAILABILITY = YES_AGGRESSIVE;
				CLANG_WARN_UNREACHABLE_CODE = YES;
				CLANG_WARN__DUPLICATE_METHOD_MATCH = YES;
				COPY_PHASE_STRIP = NO;
				DEBUG_INFORMATION_FORMAT = "dwarf-with-dsym";
				ENABLE_NS_ASSERTIONS = NO;
				ENABLE_STRICT_OBJC_MSGSEND = YES;
				GCC_C_LANGUAGE_STANDARD = gnu11;
				GCC_NO_COMMON_BLOCKS = YES;
				GCC_WARN_64_TO_32_BIT_CONVERSION = YES;
				GCC_WARN_ABOUT_RETURN_TYPE = YES_ERROR;
				GCC_WARN_UNDECLARED_SELECTOR = YES;
				GCC_WARN_UNINITIALIZED_AUTOS = YES_AGGRESSIVE;
				GCC_WARN_UNUSED_FUNCTION = YES;
				GCC_WARN_UNUSED_VARIABLE = YES;
				IPHONEOS_DEPLOYMENT_TARGET = 15.0;
				MTL_ENABLE_DEBUG_INFO = NO;
				MTL_FAST_MATH = YES;
				SDKROOT = iphoneos;
				SWIFT_COMPILATION_MODE = wholemodule;
				SWIFT_OPTIMIZATION_LEVEL = "-O";
				VALIDATE_PRODUCT = YES;
			};
			name = Release;
		};
		B9E7AF7D277C5BD80041F475 /* Debug */ = {
			isa = XCBuildConfiguration;
			baseConfigurationReference = 5402AC8409A2448CDB3327ED /* Pods-HW4mAllw.debug.xcconfig */;
			buildSettings = {
				ASSETCATALOG_COMPILER_APPICON_NAME = AppIcon;
				ASSETCATALOG_COMPILER_GLOBAL_ACCENT_COLOR_NAME = AccentColor;
				CODE_SIGN_STYLE = Automatic;
				CURRENT_PROJECT_VERSION = 1;
				DEVELOPMENT_TEAM = ZW22V9BT45;
				GENERATE_INFOPLIST_FILE = YES;
				INFOPLIST_FILE = HW4mAllw/Info.plist;
				INFOPLIST_KEY_UIApplicationSupportsIndirectInputEvents = YES;
				INFOPLIST_KEY_UILaunchStoryboardName = LaunchScreen;
				INFOPLIST_KEY_UIMainStoryboardFile = Main;
				INFOPLIST_KEY_UISupportedInterfaceOrientations_iPad = "UIInterfaceOrientationPortrait UIInterfaceOrientationPortraitUpsideDown UIInterfaceOrientationLandscapeLeft UIInterfaceOrientationLandscapeRight";
				INFOPLIST_KEY_UISupportedInterfaceOrientations_iPhone = "UIInterfaceOrientationPortrait UIInterfaceOrientationLandscapeLeft UIInterfaceOrientationLandscapeRight";
				LD_RUNPATH_SEARCH_PATHS = (
					"$(inherited)",
					"@executable_path/Frameworks",
				);
				MARKETING_VERSION = 1.0;
				PRODUCT_BUNDLE_IDENTIFIER = com.Doolot.HW4mAllw;
				PRODUCT_NAME = "$(TARGET_NAME)";
				SWIFT_EMIT_LOC_STRINGS = YES;
				SWIFT_VERSION = 5.0;
				TARGETED_DEVICE_FAMILY = "1,2";
			};
			name = Debug;
		};
		B9E7AF7E277C5BD80041F475 /* Release */ = {
			isa = XCBuildConfiguration;
			baseConfigurationReference = 9BC8DC8454ACDDABB539512C /* Pods-HW4mAllw.release.xcconfig */;
			buildSettings = {
				ASSETCATALOG_COMPILER_APPICON_NAME = AppIcon;
				ASSETCATALOG_COMPILER_GLOBAL_ACCENT_COLOR_NAME = AccentColor;
				CODE_SIGN_STYLE = Automatic;
				CURRENT_PROJECT_VERSION = 1;
				DEVELOPMENT_TEAM = ZW22V9BT45;
				GENERATE_INFOPLIST_FILE = YES;
				INFOPLIST_FILE = HW4mAllw/Info.plist;
				INFOPLIST_KEY_UIApplicationSupportsIndirectInputEvents = YES;
				INFOPLIST_KEY_UILaunchStoryboardName = LaunchScreen;
				INFOPLIST_KEY_UIMainStoryboardFile = Main;
				INFOPLIST_KEY_UISupportedInterfaceOrientations_iPad = "UIInterfaceOrientationPortrait UIInterfaceOrientationPortraitUpsideDown UIInterfaceOrientationLandscapeLeft UIInterfaceOrientationLandscapeRight";
				INFOPLIST_KEY_UISupportedInterfaceOrientations_iPhone = "UIInterfaceOrientationPortrait UIInterfaceOrientationLandscapeLeft UIInterfaceOrientationLandscapeRight";
				LD_RUNPATH_SEARCH_PATHS = (
					"$(inherited)",
					"@executable_path/Frameworks",
				);
				MARKETING_VERSION = 1.0;
				PRODUCT_BUNDLE_IDENTIFIER = com.Doolot.HW4mAllw;
				PRODUCT_NAME = "$(TARGET_NAME)";
				SWIFT_EMIT_LOC_STRINGS = YES;
				SWIFT_VERSION = 5.0;
				TARGETED_DEVICE_FAMILY = "1,2";
			};
			name = Release;
		};
/* End XCBuildConfiguration section */

/* Begin XCConfigurationList section */
		B9E7AF63277C5BD70041F475 /* Build configuration list for PBXProject "HW4mAllw" */ = {
			isa = XCConfigurationList;
			buildConfigurations = (
				B9E7AF7A277C5BD80041F475 /* Debug */,
				B9E7AF7B277C5BD80041F475 /* Release */,
			);
			defaultConfigurationIsVisible = 0;
			defaultConfigurationName = Release;
		};
		B9E7AF7C277C5BD80041F475 /* Build configuration list for PBXNativeTarget "HW4mAllw" */ = {
			isa = XCConfigurationList;
			buildConfigurations = (
				B9E7AF7D277C5BD80041F475 /* Debug */,
				B9E7AF7E277C5BD80041F475 /* Release */,
			);
			defaultConfigurationIsVisible = 0;
			defaultConfigurationName = Release;
		};
/* End XCConfigurationList section */
	};
	rootObject = B9E7AF60277C5BD70041F475 /* Project object */;
}
